
Microsoft Visual Studio Solution File, Format Version 12.00
# Visual Studio Version 16
VisualStudioVersion = 16.0.31105.61
MinimumVisualStudioVersion = 10.0.40219.1
Project("{9A19103F-16F7-4668-BE54-9A1E7A4F7556}") = "BlazorWeatherApplication.App", "BlazorWeatherApplication.App\BlazorWeatherApplication.App.csproj", "{94AC6EE3-F035-4729-ABBC-E84A3B39A3EB}"
EndProject
Project("{9A19103F-16F7-4668-BE54-9A1E7A4F7556}") = "BlazorWeatherApplication.Shared", "BlazorWeatherApplication.Shared\BlazorWeatherApplication.Shared.csproj", "{9225696F-0709-43EA-89E2-94FD5F79041E}"
EndProject
Project("{FAE04EC0-301F-11D3-BF4B-00C04F79EFBC}") = "BlazorWeatherApplication.Tests", "BlazorWeatherApplication.Tests\BlazorWeatherApplication.Tests.csproj", "{744C0BEA-757D-4DB4-A5AA-0342880B8B9D}"
EndProject
Global
	GlobalSection(SolutionConfigurationPlatforms) = preSolution
		Debug|Any CPU = Debug|Any CPU
		Release|Any CPU = Release|Any CPU
	EndGlobalSection
	GlobalSection(ProjectConfigurationPlatforms) = postSolution
		{94AC6EE3-F035-4729-ABBC-E84A3B39A3EB}.Debug|Any CPU.ActiveCfg = Debug|Any CPU
		{94AC6EE3-F035-4729-ABBC-E84A3B39A3EB}.Debug|Any CPU.Build.0 = Debug|Any CPU
		{94AC6EE3-F035-4729-ABBC-E84A3B39A3EB}.Release|Any CPU.ActiveCfg = Release|Any CPU
		{94AC6EE3-F035-4729-ABBC-E84A3B39A3EB}.Release|Any CPU.Build.0 = Release|Any CPU
		{9225696F-0709-43EA-89E2-94FD5F79041E}.Debug|Any CPU.ActiveCfg = Debug|Any CPU
		{9225696F-0709-43EA-89E2-94FD5F79041E}.Debug|Any CPU.Build.0 = Debug|Any CPU
		{9225696F-0709-43EA-89E2-94FD5F79041E}.Release|Any CPU.ActiveCfg = Release|Any CPU
		{9225696F-0709-43EA-89E2-94FD5F79041E}.Release|Any CPU.Build.0 = Release|Any CPU
		{744C0BEA-757D-4DB4-A5AA-0342880B8B9D}.Debug|Any CPU.ActiveCfg = Debug|Any CPU
		{744C0BEA-757D-4DB4-A5AA-0342880B8B9D}.Debug|Any CPU.Build.0 = Debug|Any CPU
		{744C0BEA-757D-4DB4-A5AA-0342880B8B9D}.Release|Any CPU.ActiveCfg = Release|Any CPU
		{744C0BEA-757D-4DB4-A5AA-0342880B8B9D}.Release|Any CPU.Build.0 = Release|Any CPU
	EndGlobalSection
	GlobalSection(SolutionProperties) = preSolution
		HideSolutionNode = FALSE
	EndGlobalSection
	GlobalSection(ExtensibilityGlobals) = postSolution
		SolutionGuid = {45CE1F84-3C3D-4652-9E5B-E6AC9AC41B19}
	EndGlobalSection
EndGlobal
